// !$*UTF8*$!
{
	archiveVersion = 1;
	classes = {
	};
	objectVersion = 46;
	objects = {

/* Begin PBXBuildFile section */
		8F05CD6F1DF4E4D000F2CA2F /* MapViewController.swift in Sources */ = {isa = PBXBuildFile; fileRef = 8F05CD6E1DF4E4D000F2CA2F /* MapViewController.swift */; };
		8F3DDBD31DEBA45100506A0B /* AppDelegate.swift in Sources */ = {isa = PBXBuildFile; fileRef = 8F3DDBD21DEBA45100506A0B /* AppDelegate.swift */; };
		8F3DDBD81DEBA45100506A0B /* Main.storyboard in Resources */ = {isa = PBXBuildFile; fileRef = 8F3DDBD61DEBA45100506A0B /* Main.storyboard */; };
		8F3DDBDB1DEBA45100506A0B /* Camera.xcdatamodeld in Sources */ = {isa = PBXBuildFile; fileRef = 8F3DDBD91DEBA45100506A0B /* Camera.xcdatamodeld */; };
		8F3DDBDD1DEBA45100506A0B /* Assets.xcassets in Resources */ = {isa = PBXBuildFile; fileRef = 8F3DDBDC1DEBA45100506A0B /* Assets.xcassets */; };
		8F3DDBE01DEBA45100506A0B /* LaunchScreen.storyboard in Resources */ = {isa = PBXBuildFile; fileRef = 8F3DDBDE1DEBA45100506A0B /* LaunchScreen.storyboard */; };
		8F3DDBEB1DEBA45100506A0B /* CameraTests.swift in Sources */ = {isa = PBXBuildFile; fileRef = 8F3DDBEA1DEBA45100506A0B /* CameraTests.swift */; };
		8F3DDBF61DEBA45100506A0B /* CameraUITests.swift in Sources */ = {isa = PBXBuildFile; fileRef = 8F3DDBF51DEBA45100506A0B /* CameraUITests.swift */; };
		8F7E5F6E1DF4001A00AF55BE /* PhotoController.swift in Sources */ = {isa = PBXBuildFile; fileRef = 8F7E5F6D1DF4001A00AF55BE /* PhotoController.swift */; };
		8F7E5F701DF4156C00AF55BE /* TabBarController.swift in Sources */ = {isa = PBXBuildFile; fileRef = 8F7E5F6F1DF4156C00AF55BE /* TabBarController.swift */; };
		8F8AB9DA1DEC00DD00845F76 /* CameraViewController.swift in Sources */ = {isa = PBXBuildFile; fileRef = 8F8AB9D91DEC00DD00845F76 /* CameraViewController.swift */; };
		AC23DFA983E0A86798342CCE /* libPods-Camera.a in Frameworks */ = {isa = PBXBuildFile; fileRef = DE0CCAF8C6520456EC42DC3F /* libPods-Camera.a */; };
/* End PBXBuildFile section */

/* Begin PBXContainerItemProxy section */
		8F3DDBE71DEBA45100506A0B /* PBXContainerItemProxy */ = {
			isa = PBXContainerItemProxy;
			containerPortal = 8F3DDBC71DEBA45100506A0B /* Project object */;
			proxyType = 1;
			remoteGlobalIDString = 8F3DDBCE1DEBA45100506A0B;
			remoteInfo = Camera;
		};
		8F3DDBF21DEBA45100506A0B /* PBXContainerItemProxy */ = {
			isa = PBXContainerItemProxy;
			containerPortal = 8F3DDBC71DEBA45100506A0B /* Project object */;
			proxyType = 1;
			remoteGlobalIDString = 8F3DDBCE1DEBA45100506A0B;
			remoteInfo = Camera;
		};
/* End PBXContainerItemProxy section */

/* Begin PBXFileReference section */
		793A0A80115A9CE825B65AC6 /* Pods-Camera.release.xcconfig */ = {isa = PBXFileReference; includeInIndex = 1; lastKnownFileType = text.xcconfig; name = "Pods-Camera.release.xcconfig"; path = "Pods/Target Support Files/Pods-Camera/Pods-Camera.release.xcconfig"; sourceTree = "<group>"; };
		8F05CD6E1DF4E4D000F2CA2F /* MapViewController.swift */ = {isa = PBXFileReference; fileEncoding = 4; lastKnownFileType = sourcecode.swift; path = MapViewController.swift; sourceTree = "<group>"; };
		8F3DDBCF1DEBA45100506A0B /* Camera.app */ = {isa = PBXFileReference; explicitFileType = wrapper.application; includeInIndex = 0; path = Camera.app; sourceTree = BUILT_PRODUCTS_DIR; };
		8F3DDBD21DEBA45100506A0B /* AppDelegate.swift */ = {isa = PBXFileReference; lastKnownFileType = sourcecode.swift; path = AppDelegate.swift; sourceTree = "<group>"; };
		8F3DDBD71DEBA45100506A0B /* Base */ = {isa = PBXFileReference; lastKnownFileType = file.storyboard; name = Base; path = Base.lproj/Main.storyboard; sourceTree = "<group>"; };
		8F3DDBDA1DEBA45100506A0B /* Camera.xcdatamodel */ = {isa = PBXFileReference; lastKnownFileType = wrapper.xcdatamodel; path = Camera.xcdatamodel; sourceTree = "<group>"; };
		8F3DDBDC1DEBA45100506A0B /* Assets.xcassets */ = {isa = PBXFileReference; lastKnownFileType = folder.assetcatalog; path = Assets.xcassets; sourceTree = "<group>"; };
		8F3DDBDF1DEBA45100506A0B /* Base */ = {isa = PBXFileReference; lastKnownFileType = file.storyboard; name = Base; path = Base.lproj/LaunchScreen.storyboard; sourceTree = "<group>"; };
		8F3DDBE11DEBA45100506A0B /* Info.plist */ = {isa = PBXFileReference; lastKnownFileType = text.plist.xml; path = Info.plist; sourceTree = "<group>"; };
		8F3DDBE61DEBA45100506A0B /* CameraTests.xctest */ = {isa = PBXFileReference; explicitFileType = wrapper.cfbundle; includeInIndex = 0; path = CameraTests.xctest; sourceTree = BUILT_PRODUCTS_DIR; };
		8F3DDBEA1DEBA45100506A0B /* CameraTests.swift */ = {isa = PBXFileReference; lastKnownFileType = sourcecode.swift; path = CameraTests.swift; sourceTree = "<group>"; };
		8F3DDBEC1DEBA45100506A0B /* Info.plist */ = {isa = PBXFileReference; lastKnownFileType = text.plist.xml; path = Info.plist; sourceTree = "<group>"; };
		8F3DDBF11DEBA45100506A0B /* CameraUITests.xctest */ = {isa = PBXFileReference; explicitFileType = wrapper.cfbundle; includeInIndex = 0; path = CameraUITests.xctest; sourceTree = BUILT_PRODUCTS_DIR; };
		8F3DDBF51DEBA45100506A0B /* CameraUITests.swift */ = {isa = PBXFileReference; lastKnownFileType = sourcecode.swift; path = CameraUITests.swift; sourceTree = "<group>"; };
		8F3DDBF71DEBA45100506A0B /* Info.plist */ = {isa = PBXFileReference; lastKnownFileType = text.plist.xml; path = Info.plist; sourceTree = "<group>"; };
		8F7E5F6D1DF4001A00AF55BE /* PhotoController.swift */ = {isa = PBXFileReference; fileEncoding = 4; lastKnownFileType = sourcecode.swift; path = PhotoController.swift; sourceTree = "<group>"; };
		8F7E5F6F1DF4156C00AF55BE /* TabBarController.swift */ = {isa = PBXFileReference; fileEncoding = 4; lastKnownFileType = sourcecode.swift; path = TabBarController.swift; sourceTree = "<group>"; };
		8F8AB9D91DEC00DD00845F76 /* CameraViewController.swift */ = {isa = PBXFileReference; fileEncoding = 4; lastKnownFileType = sourcecode.swift; path = CameraViewController.swift; sourceTree = "<group>"; };
		CA6657428B278540E1C61E4D /* Pods-Camera.debug.xcconfig */ = {isa = PBXFileReference; includeInIndex = 1; lastKnownFileType = text.xcconfig; name = "Pods-Camera.debug.xcconfig"; path = "Pods/Target Support Files/Pods-Camera/Pods-Camera.debug.xcconfig"; sourceTree = "<group>"; };
		DE0CCAF8C6520456EC42DC3F /* libPods-Camera.a */ = {isa = PBXFileReference; explicitFileType = archive.ar; includeInIndex = 0; path = "libPods-Camera.a"; sourceTree = BUILT_PRODUCTS_DIR; };
/* End PBXFileReference section */

/* Begin PBXFrameworksBuildPhase section */
		8F3DDBCC1DEBA45100506A0B /* Frameworks */ = {
			isa = PBXFrameworksBuildPhase;
			buildActionMask = 2147483647;
			files = (
				AC23DFA983E0A86798342CCE /* libPods-Camera.a in Frameworks */,
			);
			runOnlyForDeploymentPostprocessing = 0;
		};
		8F3DDBE31DEBA45100506A0B /* Frameworks */ = {
			isa = PBXFrameworksBuildPhase;
			buildActionMask = 2147483647;
			files = (
			);
			runOnlyForDeploymentPostprocessing = 0;
		};
		8F3DDBEE1DEBA45100506A0B /* Frameworks */ = {
			isa = PBXFrameworksBuildPhase;
			buildActionMask = 2147483647;
			files = (
			);
			runOnlyForDeploymentPostprocessing = 0;
		};
/* End PBXFrameworksBuildPhase section */

/* Begin PBXGroup section */
		1D1C7ADE68898477F58D8036 /* Pods */ = {
			isa = PBXGroup;
			children = (
				CA6657428B278540E1C61E4D /* Pods-Camera.debug.xcconfig */,
				793A0A80115A9CE825B65AC6 /* Pods-Camera.release.xcconfig */,
			);
			name = Pods;
			sourceTree = "<group>";
		};
		7D8E1D2F4FC53CC6E7CB1127 /* Frameworks */ = {
			isa = PBXGroup;
			children = (
				DE0CCAF8C6520456EC42DC3F /* libPods-Camera.a */,
			);
			name = Frameworks;
			sourceTree = "<group>";
		};
		8F3DDBC61DEBA45100506A0B = {
			isa = PBXGroup;
			children = (
				8F3DDBD11DEBA45100506A0B /* Camera */,
				8F3DDBE91DEBA45100506A0B /* CameraTests */,
				8F3DDBF41DEBA45100506A0B /* CameraUITests */,
				8F3DDBD01DEBA45100506A0B /* Products */,
				1D1C7ADE68898477F58D8036 /* Pods */,
				7D8E1D2F4FC53CC6E7CB1127 /* Frameworks */,
			);
			sourceTree = "<group>";
		};
		8F3DDBD01DEBA45100506A0B /* Products */ = {
			isa = PBXGroup;
			children = (
				8F3DDBCF1DEBA45100506A0B /* Camera.app */,
				8F3DDBE61DEBA45100506A0B /* CameraTests.xctest */,
				8F3DDBF11DEBA45100506A0B /* CameraUITests.xctest */,
			);
			name = Products;
			sourceTree = "<group>";
		};
		8F3DDBD11DEBA45100506A0B /* Camera */ = {
			isa = PBXGroup;
			children = (
				8F3DDBE11DEBA45100506A0B /* Info.plist */,
				8F3DDBD21DEBA45100506A0B /* AppDelegate.swift */,
				8F7E5F6F1DF4156C00AF55BE /* TabBarController.swift */,
				8F8AB9D91DEC00DD00845F76 /* CameraViewController.swift */,
				8F7E5F6D1DF4001A00AF55BE /* PhotoController.swift */,
				8F05CD6E1DF4E4D000F2CA2F /* MapViewController.swift */,
				8F3DDBD61DEBA45100506A0B /* Main.storyboard */,
				8F3DDBDC1DEBA45100506A0B /* Assets.xcassets */,
				8F3DDBDE1DEBA45100506A0B /* LaunchScreen.storyboard */,
				8F3DDBD91DEBA45100506A0B /* Camera.xcdatamodeld */,
			);
			path = Camera;
			sourceTree = "<group>";
		};
		8F3DDBE91DEBA45100506A0B /* CameraTests */ = {
			isa = PBXGroup;
			children = (
				8F3DDBEA1DEBA45100506A0B /* CameraTests.swift */,
				8F3DDBEC1DEBA45100506A0B /* Info.plist */,
			);
			path = CameraTests;
			sourceTree = "<group>";
		};
		8F3DDBF41DEBA45100506A0B /* CameraUITests */ = {
			isa = PBXGroup;
			children = (
				8F3DDBF51DEBA45100506A0B /* CameraUITests.swift */,
				8F3DDBF71DEBA45100506A0B /* Info.plist */,
			);
			path = CameraUITests;
			sourceTree = "<group>";
		};
/* End PBXGroup section */

/* Begin PBXNativeTarget section */
		8F3DDBCE1DEBA45100506A0B /* Camera */ = {
			isa = PBXNativeTarget;
			buildConfigurationList = 8F3DDBFA1DEBA45100506A0B /* Build configuration list for PBXNativeTarget "Camera" */;
			buildPhases = (
				B813DC140EEDB91F67FFE2E3 /* [CP] Check Pods Manifest.lock */,
				8F3DDBCB1DEBA45100506A0B /* Sources */,
				8F3DDBCC1DEBA45100506A0B /* Frameworks */,
				8F3DDBCD1DEBA45100506A0B /* Resources */,
				901F6EA897DF2F94425BD602 /* [CP] Embed Pods Frameworks */,
				5CBADA91B25B8549C469BF5C /* [CP] Copy Pods Resources */,
			);
			buildRules = (
			);
			dependencies = (
			);
			name = Camera;
			productName = Camera;
			productReference = 8F3DDBCF1DEBA45100506A0B /* Camera.app */;
			productType = "com.apple.product-type.application";
		};
		8F3DDBE51DEBA45100506A0B /* CameraTests */ = {
			isa = PBXNativeTarget;
			buildConfigurationList = 8F3DDBFD1DEBA45100506A0B /* Build configuration list for PBXNativeTarget "CameraTests" */;
			buildPhases = (
				8F3DDBE21DEBA45100506A0B /* Sources */,
				8F3DDBE31DEBA45100506A0B /* Frameworks */,
				8F3DDBE41DEBA45100506A0B /* Resources */,
			);
			buildRules = (
			);
			dependencies = (
				8F3DDBE81DEBA45100506A0B /* PBXTargetDependency */,
			);
			name = CameraTests;
			productName = CameraTests;
			productReference = 8F3DDBE61DEBA45100506A0B /* CameraTests.xctest */;
			productType = "com.apple.product-type.bundle.unit-test";
		};
		8F3DDBF01DEBA45100506A0B /* CameraUITests */ = {
			isa = PBXNativeTarget;
			buildConfigurationList = 8F3DDC001DEBA45100506A0B /* Build configuration list for PBXNativeTarget "CameraUITests" */;
			buildPhases = (
				8F3DDBED1DEBA45100506A0B /* Sources */,
				8F3DDBEE1DEBA45100506A0B /* Frameworks */,
				8F3DDBEF1DEBA45100506A0B /* Resources */,
			);
			buildRules = (
			);
			dependencies = (
				8F3DDBF31DEBA45100506A0B /* PBXTargetDependency */,
			);
			name = CameraUITests;
			productName = CameraUITests;
			productReference = 8F3DDBF11DEBA45100506A0B /* CameraUITests.xctest */;
			productType = "com.apple.product-type.bundle.ui-testing";
		};
/* End PBXNativeTarget section */

/* Begin PBXProject section */
		8F3DDBC71DEBA45100506A0B /* Project object */ = {
			isa = PBXProject;
			attributes = {
				LastSwiftUpdateCheck = 0810;
				LastUpgradeCheck = 0810;
				ORGANIZATIONNAME = "Kevin Yan";
				TargetAttributes = {
					8F3DDBCE1DEBA45100506A0B = {
						CreatedOnToolsVersion = 8.1;
						DevelopmentTeam = GYX9ZA9RA8;
						ProvisioningStyle = Automatic;
					};
					8F3DDBE51DEBA45100506A0B = {
						CreatedOnToolsVersion = 8.1;
						ProvisioningStyle = Automatic;
						TestTargetID = 8F3DDBCE1DEBA45100506A0B;
					};
					8F3DDBF01DEBA45100506A0B = {
						CreatedOnToolsVersion = 8.1;
						ProvisioningStyle = Automatic;
						TestTargetID = 8F3DDBCE1DEBA45100506A0B;
					};
				};
			};
			buildConfigurationList = 8F3DDBCA1DEBA45100506A0B /* Build configuration list for PBXProject "Camera" */;
			compatibilityVersion = "Xcode 3.2";
			developmentRegion = English;
			hasScannedForEncodings = 0;
			knownRegions = (
				en,
				Base,
			);
			mainGroup = 8F3DDBC61DEBA45100506A0B;
			productRefGroup = 8F3DDBD01DEBA45100506A0B /* Products */;
			projectDirPath = "";
			projectRoot = "";
			targets = (
				8F3DDBCE1DEBA45100506A0B /* Camera */,
				8F3DDBE51DEBA45100506A0B /* CameraTests */,
				8F3DDBF01DEBA45100506A0B /* CameraUITests */,
			);
		};
/* End PBXProject section */

/* Begin PBXResourcesBuildPhase section */
		8F3DDBCD1DEBA45100506A0B /* Resources */ = {
			isa = PBXResourcesBuildPhase;
			buildActionMask = 2147483647;
			files = (
				8F3DDBE01DEBA45100506A0B /* LaunchScreen.storyboard in Resources */,
				8F3DDBDD1DEBA45100506A0B /* Assets.xcassets in Resources */,
				8F3DDBD81DEBA45100506A0B /* Main.storyboard in Resources */,
			);
			runOnlyForDeploymentPostprocessing = 0;
		};
		8F3DDBE41DEBA45100506A0B /* Resources */ = {
			isa = PBXResourcesBuildPhase;
			buildActionMask = 2147483647;
			files = (
			);
			runOnlyForDeploymentPostprocessing = 0;
		};
		8F3DDBEF1DEBA45100506A0B /* Resources */ = {
			isa = PBXResourcesBuildPhase;
			buildActionMask = 2147483647;
			files = (
			);
			runOnlyForDeploymentPostprocessing = 0;
		};
/* End PBXResourcesBuildPhase section */

/* Begin PBXShellScriptBuildPhase section */
		5CBADA91B25B8549C469BF5C /* [CP] Copy Pods Resources */ = {
			isa = PBXShellScriptBuildPhase;
			buildActionMask = 2147483647;
			files = (
			);
			inputPaths = (
			);
			name = "[CP] Copy Pods Resources";
			outputPaths = (
			);
			runOnlyForDeploymentPostprocessing = 0;
			shellPath = /bin/sh;
			shellScript = "\"${SRCROOT}/Pods/Target Support Files/Pods-Camera/Pods-Camera-resources.sh\"\n";
			showEnvVarsInLog = 0;
		};
		901F6EA897DF2F94425BD602 /* [CP] Embed Pods Frameworks */ = {
			isa = PBXShellScriptBuildPhase;
			buildActionMask = 2147483647;
			files = (
			);
			inputPaths = (
			);
			name = "[CP] Embed Pods Frameworks";
			outputPaths = (
			);
			runOnlyForDeploymentPostprocessing = 0;
			shellPath = /bin/sh;
			shellScript = "\"${SRCROOT}/Pods/Target Support Files/Pods-Camera/Pods-Camera-frameworks.sh\"\n";
			showEnvVarsInLog = 0;
		};
		B813DC140EEDB91F67FFE2E3 /* [CP] Check Pods Manifest.lock */ = {
			isa = PBXShellScriptBuildPhase;
			buildActionMask = 2147483647;
			files = (
			);
			inputPaths = (
			);
			name = "[CP] Check Pods Manifest.lock";
			outputPaths = (
			);
			runOnlyForDeploymentPostprocessing = 0;
			shellPath = /bin/sh;
			shellScript = "diff \"${PODS_ROOT}/../Podfile.lock\" \"${PODS_ROOT}/Manifest.lock\" > /dev/null\nif [ $? != 0 ] ; then\n    # print error to STDERR\n    echo \"error: The sandbox is not in sync with the Podfile.lock. Run 'pod install' or update your CocoaPods installation.\" >&2\n    exit 1\nfi\n";
			showEnvVarsInLog = 0;
		};
/* End PBXShellScriptBuildPhase section */

/* Begin PBXSourcesBuildPhase section */
		8F3DDBCB1DEBA45100506A0B /* Sources */ = {
			isa = PBXSourcesBuildPhase;
			buildActionMask = 2147483647;
			files = (
				8F8AB9DA1DEC00DD00845F76 /* CameraViewController.swift in Sources */,
				8F05CD6F1DF4E4D000F2CA2F /* MapViewController.swift in Sources */,
				8F3DDBDB1DEBA45100506A0B /* Camera.xcdatamodeld in Sources */,
				8F7E5F6E1DF4001A00AF55BE /* PhotoController.swift in Sources */,
				8F7E5F701DF4156C00AF55BE /* TabBarController.swift in Sources */,
				8F3DDBD31DEBA45100506A0B /* AppDelegate.swift in Sources */,
			);
			runOnlyForDeploymentPostprocessing = 0;
		};
		8F3DDBE21DEBA45100506A0B /* Sources */ = {
			isa = PBXSourcesBuildPhase;
			buildActionMask = 2147483647;
			files = (
				8F3DDBEB1DEBA45100506A0B /* CameraTests.swift in Sources */,
			);
			runOnlyForDeploymentPostprocessing = 0;
		};
		8F3DDBED1DEBA45100506A0B /* Sources */ = {
			isa = PBXSourcesBuildPhase;
			buildActionMask = 2147483647;
			files = (
				8F3DDBF61DEBA45100506A0B /* CameraUITests.swift in Sources */,
			);
			runOnlyForDeploymentPostprocessing = 0;
		};
/* End PBXSourcesBuildPhase section */

/* Begin PBXTargetDependency section */
		8F3DDBE81DEBA45100506A0B /* PBXTargetDependency */ = {
			isa = PBXTargetDependency;
			target = 8F3DDBCE1DEBA45100506A0B /* Camera */;
			targetProxy = 8F3DDBE71DEBA45100506A0B /* PBXContainerItemProxy */;
		};
		8F3DDBF31DEBA45100506A0B /* PBXTargetDependency */ = {
			isa = PBXTargetDependency;
			target = 8F3DDBCE1DEBA45100506A0B /* Camera */;
			targetProxy = 8F3DDBF21DEBA45100506A0B /* PBXContainerItemProxy */;
		};
/* End PBXTargetDependency section */

/* Begin PBXVariantGroup section */
		8F3DDBD61DEBA45100506A0B /* Main.storyboard */ = {
			isa = PBXVariantGroup;
			children = (
				8F3DDBD71DEBA45100506A0B /* Base */,
			);
			name = Main.storyboard;
			sourceTree = "<group>";
		};
		8F3DDBDE1DEBA45100506A0B /* LaunchScreen.storyboard */ = {
			isa = PBXVariantGroup;
			children = (
				8F3DDBDF1DEBA45100506A0B /* Base */,
			);
			name = LaunchScreen.storyboard;
			sourceTree = "<group>";
		};
/* End PBXVariantGroup section */

/* Begin XCBuildConfiguration section */
		8F3DDBF81DEBA45100506A0B /* Debug */ = {
			isa = XCBuildConfiguration;
			buildSettings = {
				ALWAYS_SEARCH_USER_PATHS = NO;
				CLANG_ANALYZER_NONNULL = YES;
				CLANG_CXX_LANGUAGE_STANDARD = "gnu++0x";
				CLANG_CXX_LIBRARY = "libc++";
				CLANG_ENABLE_MODULES = YES;
				CLANG_ENABLE_OBJC_ARC = YES;
				CLANG_WARN_BOOL_CONVERSION = YES;
				CLANG_WARN_CONSTANT_CONVERSION = YES;
				CLANG_WARN_DIRECT_OBJC_ISA_USAGE = YES_ERROR;
				CLANG_WARN_DOCUMENTATION_COMMENTS = YES;
				CLANG_WARN_EMPTY_BODY = YES;
				CLANG_WARN_ENUM_CONVERSION = YES;
				CLANG_WARN_INFINITE_RECURSION = YES;
				CLANG_WARN_INT_CONVERSION = YES;
				CLANG_WARN_OBJC_ROOT_CLASS = YES_ERROR;
				CLANG_WARN_SUSPICIOUS_MOVES = YES;
				CLANG_WARN_UNREACHABLE_CODE = YES;
				CLANG_WARN__DUPLICATE_METHOD_MATCH = YES;
				"CODE_SIGN_IDENTITY[sdk=iphoneos*]" = "iPhone Developer";
				COPY_PHASE_STRIP = NO;
				DEBUG_INFORMATION_FORMAT = dwarf;
				ENABLE_STRICT_OBJC_MSGSEND = YES;
				ENABLE_TESTABILITY = YES;
				GCC_C_LANGUAGE_STANDARD = gnu99;
				GCC_DYNAMIC_NO_PIC = NO;
				GCC_NO_COMMON_BLOCKS = YES;
				GCC_OPTIMIZATION_LEVEL = 0;
				GCC_PREPROCESSOR_DEFINITIONS = (
					"DEBUG=1",
					"$(inherited)",
				);
				GCC_WARN_64_TO_32_BIT_CONVERSION = YES;
				GCC_WARN_ABOUT_RETURN_TYPE = YES_ERROR;
				GCC_WARN_UNDECLARED_SELECTOR = YES;
				GCC_WARN_UNINITIALIZED_AUTOS = YES_AGGRESSIVE;
				GCC_WARN_UNUSED_FUNCTION = YES;
				GCC_WARN_UNUSED_VARIABLE = YES;
				IPHONEOS_DEPLOYMENT_TARGET = 10.1;
				MTL_ENABLE_DEBUG_INFO = YES;
				ONLY_ACTIVE_ARCH = YES;
				SDKROOT = iphoneos;
				SWIFT_ACTIVE_COMPILATION_CONDITIONS = DEBUG;
				SWIFT_OPTIMIZATION_LEVEL = "-Onone";
				TARGETED_DEVICE_FAMILY = "1,2";
			};
			name = Debug;
		};
		8F3DDBF91DEBA45100506A0B /* Release */ = {
			isa = XCBuildConfiguration;
			buildSettings = {
				ALWAYS_SEARCH_USER_PATHS = NO;
				CLANG_ANALYZER_NONNULL = YES;
				CLANG_CXX_LANGUAGE_STANDARD = "gnu++0x";
				CLANG_CXX_LIBRARY = "libc++";
				CLANG_ENABLE_MODULES = YES;
				CLANG_ENABLE_OBJC_ARC = YES;
				CLANG_WARN_BOOL_CONVERSION = YES;
				CLANG_WARN_CONSTANT_CONVERSION = YES;
				CLANG_WARN_DIRECT_OBJC_ISA_USAGE = YES_ERROR;
				CLANG_WARN_DOCUMENTATION_COMMENTS = YES;
				CLANG_WARN_EMPTY_BODY = YES;
				CLANG_WARN_ENUM_CONVERSION = YES;
				CLANG_WARN_INFINITE_RECURSION = YES;
				CLANG_WARN_INT_CONVERSION = YES;
				CLANG_WARN_OBJC_ROOT_CLASS = YES_ERROR;
				CLANG_WARN_SUSPICIOUS_MOVES = YES;
				CLANG_WARN_UNREACHABLE_CODE = YES;
				CLANG_WARN__DUPLICATE_METHOD_MATCH = YES;
				"CODE_SIGN_IDENTITY[sdk=iphoneos*]" = "iPhone Developer";
				COPY_PHASE_STRIP = NO;
				DEBUG_INFORMATION_FORMAT = "dwarf-with-dsym";
				ENABLE_NS_ASSERTIONS = NO;
				ENABLE_STRICT_OBJC_MSGSEND = YES;
				GCC_C_LANGUAGE_STANDARD = gnu99;
				GCC_NO_COMMON_BLOCKS = YES;
				GCC_WARN_64_TO_32_BIT_CONVERSION = YES;
				GCC_WARN_ABOUT_RETURN_TYPE = YES_ERROR;
				GCC_WARN_UNDECLARED_SELECTOR = YES;
				GCC_WARN_UNINITIALIZED_AUTOS = YES_AGGRESSIVE;
				GCC_WARN_UNUSED_FUNCTION = YES;
				GCC_WARN_UNUSED_VARIABLE = YES;
				IPHONEOS_DEPLOYMENT_TARGET = 10.1;
				MTL_ENABLE_DEBUG_INFO = NO;
				SDKROOT = iphoneos;
				SWIFT_OPTIMIZATION_LEVEL = "-Owholemodule";
				TARGETED_DEVICE_FAMILY = "1,2";
				VALIDATE_PRODUCT = YES;
			};
			name = Release;
		};
		8F3DDBFB1DEBA45100506A0B /* Debug */ = {
			isa = XCBuildConfiguration;
			baseConfigurationReference = CA6657428B278540E1C61E4D /* Pods-Camera.debug.xcconfig */;
			buildSettings = {
				ASSETCATALOG_COMPILER_APPICON_NAME = AppIcon;
				"CODE_SIGN_IDENTITY[sdk=iphoneos*]" = "iPhone Developer";
				DEVELOPMENT_TEAM = GYX9ZA9RA8;
				INFOPLIST_FILE = Camera/Info.plist;
				LD_RUNPATH_SEARCH_PATHS = "$(inherited) @executable_path/Frameworks";
				PRODUCT_BUNDLE_IDENTIFIER = kev.Camera;
				PRODUCT_NAME = "$(TARGET_NAME)";
				SWIFT_VERSION = 3.0;
			};
			name = Debug;
		};
		8F3DDBFC1DEBA45100506A0B /* Release */ = {
			isa = XCBuildConfiguration;
			baseConfigurationReference = 793A0A80115A9CE825B65AC6 /* Pods-Camera.release.xcconfig */;
			buildSettings = {
				ASSETCATALOG_COMPILER_APPICON_NAME = AppIcon;
				"CODE_SIGN_IDENTITY[sdk=iphoneos*]" = "iPhone Developer";
				DEVELOPMENT_TEAM = GYX9ZA9RA8;
				INFOPLIST_FILE = Camera/Info.plist;
				LD_RUNPATH_SEARCH_PATHS = "$(inherited) @executable_path/Frameworks";
				PRODUCT_BUNDLE_IDENTIFIER = kev.Camera;
				PRODUCT_NAME = "$(TARGET_NAME)";
				SWIFT_VERSION = 3.0;
			};
			name = Release;
		};
		8F3DDBFE1DEBA45100506A0B /* Debug */ = {
			isa = XCBuildConfiguration;
			buildSettings = {
				ALWAYS_EMBED_SWIFT_STANDARD_LIBRARIES = YES;
				BUNDLE_LOADER = "$(TEST_HOST)";
				INFOPLIST_FILE = CameraTests/Info.plist;
				LD_RUNPATH_SEARCH_PATHS = "$(inherited) @executable_path/Frameworks @loader_path/Frameworks";
				PRODUCT_BUNDLE_IDENTIFIER = kev.CameraTests;
				PRODUCT_NAME = "$(TARGET_NAME)";
				SWIFT_VERSION = 3.0;
				TEST_HOST = "$(BUILT_PRODUCTS_DIR)/Camera.app/Camera";
			};
			name = Debug;
		};
		8F3DDBFF1DEBA45100506A0B /* Release */ = {
			isa = XCBuildConfiguration;
			buildSettings = {
				ALWAYS_EMBED_SWIFT_STANDARD_LIBRARIES = YES;
				BUNDLE_LOADER = "$(TEST_HOST)";
				INFOPLIST_FILE = CameraTests/Info.plist;
				LD_RUNPATH_SEARCH_PATHS = "$(inherited) @executable_path/Frameworks @loader_path/Frameworks";
				PRODUCT_BUNDLE_IDENTIFIER = kev.CameraTests;
				PRODUCT_NAME = "$(TARGET_NAME)";
				SWIFT_VERSION = 3.0;
				TEST_HOST = "$(BUILT_PRODUCTS_DIR)/Camera.app/Camera";
			};
			name = Release;
		};
		8F3DDC011DEBA45100506A0B /* Debug */ = {
			isa = XCBuildConfiguration;
			buildSettings = {
				ALWAYS_EMBED_SWIFT_STANDARD_LIBRARIES = YES;
				INFOPLIST_FILE = CameraUITests/Info.plist;
				LD_RUNPATH_SEARCH_PATHS = "$(inherited) @executable_path/Frameworks @loader_path/Frameworks";
				PRODUCT_BUNDLE_IDENTIFIER = kev.CameraUITests;
				PRODUCT_NAME = "$(TARGET_NAME)";
				SWIFT_VERSION = 3.0;
				TEST_TARGET_NAME = Camera;
			};
			name = Debug;
		};
		8F3DDC021DEBA45100506A0B /* Release */ = {
			isa = XCBuildConfiguration;
			buildSettings = {
				ALWAYS_EMBED_SWIFT_STANDARD_LIBRARIES = YES;
				INFOPLIST_FILE = CameraUITests/Info.plist;
				LD_RUNPATH_SEARCH_PATHS = "$(inherited) @executable_path/Frameworks @loader_path/Frameworks";
				PRODUCT_BUNDLE_IDENTIFIER = kev.CameraUITests;
				PRODUCT_NAME = "$(TARGET_NAME)";
				SWIFT_VERSION = 3.0;
				TEST_TARGET_NAME = Camera;
			};
			name = Release;
		};
/* End XCBuildConfiguration section */

/* Begin XCConfigurationList section */
		8F3DDBCA1DEBA45100506A0B /* Build configuration list for PBXProject "Camera" */ = {
			isa = XCConfigurationList;
			buildConfigurations = (
				8F3DDBF81DEBA45100506A0B /* Debug */,
				8F3DDBF91DEBA45100506A0B /* Release */,
			);
			defaultConfigurationIsVisible = 0;
			defaultConfigurationName = Release;
		};
		8F3DDBFA1DEBA45100506A0B /* Build configuration list for PBXNativeTarget "Camera" */ = {
			isa = XCConfigurationList;
			buildConfigurations = (
				8F3DDBFB1DEBA45100506A0B /* Debug */,
				8F3DDBFC1DEBA45100506A0B /* Release */,
			);
			defaultConfigurationIsVisible = 0;
			defaultConfigurationName = Release;
		};
		8F3DDBFD1DEBA45100506A0B /* Build configuration list for PBXNativeTarget "CameraTests" */ = {
			isa = XCConfigurationList;
			buildConfigurations = (
				8F3DDBFE1DEBA45100506A0B /* Debug */,
				8F3DDBFF1DEBA45100506A0B /* Release */,
			);
			defaultConfigurationIsVisible = 0;
			defaultConfigurationName = Release;
		};
		8F3DDC001DEBA45100506A0B /* Build configuration list for PBXNativeTarget "CameraUITests" */ = {
			isa = XCConfigurationList;
			buildConfigurations = (
				8F3DDC011DEBA45100506A0B /* Debug */,
				8F3DDC021DEBA45100506A0B /* Release */,
			);
			defaultConfigurationIsVisible = 0;
			defaultConfigurationName = Release;
		};
/* End XCConfigurationList section */

/* Begin XCVersionGroup section */
		8F3DDBD91DEBA45100506A0B /* Camera.xcdatamodeld */ = {
			isa = XCVersionGroup;
			children = (
				8F3DDBDA1DEBA45100506A0B /* Camera.xcdatamodel */,
			);
			currentVersion = 8F3DDBDA1DEBA45100506A0B /* Camera.xcdatamodel */;
			path = Camera.xcdatamodeld;
			sourceTree = "<group>";
			versionGroupType = wrapper.xcdatamodel;
		};
/* End XCVersionGroup section */
	};
	rootObject = 8F3DDBC71DEBA45100506A0B /* Project object */;
}
